lockfileVersion: '9.0'

settings:
  autoInstallPeers: true
  excludeLinksFromLockfile: false

importers:

  .:
    dependencies:
      inquire:
        specifier: ^0.4.8
        version: 0.4.8

packages:

  inquire@0.4.8:
    resolution: {integrity: sha512-up9ueqKwPnuitvEqyOxBU1ggima7YsUywI00qEnYVnor9IissXbltZ86xi4VXKkci0/qWAtfMP/nu4oR4fUaEQ==}
    engines: {node: '>=0.8.22'}

snapshots:

  inquire@0.4.8: {}
